{
  "originHash" : "ffa02a6cae5fc0e2ef612283493b3ffc358b5c4bfa225cc4d9b611f30d1fcea2",
  "pins" : [
    {
      "identity" : "signalr-client-swift",
      "kind" : "remoteSourceControl",
      "location" : "https://github.com/dotnet/signalr-client-swift",
      "state" : {
        "branch" : "dev",
        "revision" : "1e002ee858180d6ea85c480ea6b044774853f4fc"
      }
    }
  ],
  "version" : 3
}
